
Microsoft Visual Studio Solution File, Format Version 12.00
# Visual Studio 15
VisualStudioVersion = 15.0.28010.2050
MinimumVisualStudioVersion = 10.0.40219.1
Project("{FAE04EC0-301F-11D3-BF4B-00C04F79EFBC}") = "Api", "Api\Api.csproj", "{B2540EC7-A821-4505-A45D-90CBC85FA078}"
EndProject
Global
	GlobalSection(SolutionConfigurationPlatforms) = preSolution
		Debug|Any CPU = Debug|Any CPU
		Release|Any CPU = Release|Any CPU
	EndGlobalSection
	GlobalSection(ProjectConfigurationPlatforms) = postSolution
		{B2540EC7-A821-4505-A45D-90CBC85FA078}.Debug|Any CPU.ActiveCfg = Debug|Any CPU
		{B2540EC7-A821-4505-A45D-90CBC85FA078}.Debug|Any CPU.Build.0 = Debug|Any CPU
		{B2540EC7-A821-4505-A45D-90CBC85FA078}.Release|Any CPU.ActiveCfg = Release|Any CPU
		{B2540EC7-A821-4505-A45D-90CBC85FA078}.Release|Any CPU.Build.0 = Release|Any CPU
	EndGlobalSection
	GlobalSection(SolutionProperties) = preSolution
		HideSolutionNode = FALSE
	EndGlobalSection
	GlobalSection(ExtensibilityGlobals) = postSolution
		SolutionGuid = {DB042B71-4FC2-4E85-8B27-48EA42366477}
	EndGlobalSection
EndGlobal
